// !$*UTF8*$!
{
	archiveVersion = 1;
	classes = {
	};
	objectVersion = 55;
	objects = {

/* Begin PBXBuildFile section */
		9792A48F27DFB52A00C6B9DC /* UserDefaultsWrapper.swift in Sources */ = {isa = PBXBuildFile; fileRef = 9792A48E27DFB52A00C6B9DC /* UserDefaultsWrapper.swift */; };
		9792A49427E09DE500C6B9DC /* NearbyRestaurantsUseCase.swift in Sources */ = {isa = PBXBuildFile; fileRef = 9792A49327E09DE500C6B9DC /* NearbyRestaurantsUseCase.swift */; };
		9792A49627E0A18A00C6B9DC /* Location.swift in Sources */ = {isa = PBXBuildFile; fileRef = 9792A49527E0A18A00C6B9DC /* Location.swift */; };
		9792A49927E0B6DF00C6B9DC /* NearbyRestaurantsResponse.swift in Sources */ = {isa = PBXBuildFile; fileRef = 9792A49827E0B6DF00C6B9DC /* NearbyRestaurantsResponse.swift */; };
		9792A49B27E0B6F200C6B9DC /* Section.swift in Sources */ = {isa = PBXBuildFile; fileRef = 9792A49A27E0B6F200C6B9DC /* Section.swift */; };
		9792A49D27E0B70400C6B9DC /* Restaurant.swift in Sources */ = {isa = PBXBuildFile; fileRef = 9792A49C27E0B70400C6B9DC /* Restaurant.swift */; };
		9792A49F27E0B71600C6B9DC /* RestaurantImage.swift in Sources */ = {isa = PBXBuildFile; fileRef = 9792A49E27E0B71600C6B9DC /* RestaurantImage.swift */; };
		9792A4A127E0B72800C6B9DC /* Venue.swift in Sources */ = {isa = PBXBuildFile; fileRef = 9792A4A027E0B72800C6B9DC /* Venue.swift */; };
		9792A4A427E0B77D00C6B9DC /* RestaurantServiceError.swift in Sources */ = {isa = PBXBuildFile; fileRef = 9792A4A327E0B77D00C6B9DC /* RestaurantServiceError.swift */; };
		9792A4A727E0B89A00C6B9DC /* LocationProvider.swift in Sources */ = {isa = PBXBuildFile; fileRef = 9792A4A627E0B89A00C6B9DC /* LocationProvider.swift */; };
		9792A4A927E0BEE100C6B9DC /* RestaurantViewModel.swift in Sources */ = {isa = PBXBuildFile; fileRef = 9792A4A827E0BEE100C6B9DC /* RestaurantViewModel.swift */; };
		9792A4AB27E0C3E700C6B9DC /* FavouriteRestaurantsUseCase.swift in Sources */ = {isa = PBXBuildFile; fileRef = 9792A4AA27E0C3E700C6B9DC /* FavouriteRestaurantsUseCase.swift */; };
		97B3094F27DF4F3C00AA7953 /* WoltLoopApp.swift in Sources */ = {isa = PBXBuildFile; fileRef = 97B3094E27DF4F3C00AA7953 /* WoltLoopApp.swift */; };
		97B3095327DF4F3D00AA7953 /* Assets.xcassets in Resources */ = {isa = PBXBuildFile; fileRef = 97B3095227DF4F3D00AA7953 /* Assets.xcassets */; };
		97B3095627DF4F3D00AA7953 /* Preview Assets.xcassets in Resources */ = {isa = PBXBuildFile; fileRef = 97B3095527DF4F3D00AA7953 /* Preview Assets.xcassets */; };
		97B3096027DF4F3D00AA7953 /* WoltLoopTests.swift in Sources */ = {isa = PBXBuildFile; fileRef = 97B3095F27DF4F3D00AA7953 /* WoltLoopTests.swift */; };
		97B3096A27DF4F3D00AA7953 /* WoltLoopUITests.swift in Sources */ = {isa = PBXBuildFile; fileRef = 97B3096927DF4F3D00AA7953 /* WoltLoopUITests.swift */; };
		97B3096C27DF4F3D00AA7953 /* WoltLoopUITestsLaunchTests.swift in Sources */ = {isa = PBXBuildFile; fileRef = 97B3096B27DF4F3D00AA7953 /* WoltLoopUITestsLaunchTests.swift */; };
		97B3097A27DF55E800AA7953 /* NearbyListView.swift in Sources */ = {isa = PBXBuildFile; fileRef = 97B3097927DF55E800AA7953 /* NearbyListView.swift */; };
		97B3097C27DF574300AA7953 /* NearbyRestaurantsViewModel.swift in Sources */ = {isa = PBXBuildFile; fileRef = 97B3097B27DF574300AA7953 /* NearbyRestaurantsViewModel.swift */; };
		97B3097F27DF5A7B00AA7953 /* Endpoint.swift in Sources */ = {isa = PBXBuildFile; fileRef = 97B3097E27DF5A7B00AA7953 /* Endpoint.swift */; };
		97B3098127DF5A8F00AA7953 /* NetworkError.swift in Sources */ = {isa = PBXBuildFile; fileRef = 97B3098027DF5A8F00AA7953 /* NetworkError.swift */; };
		97B3098327DF5AAA00AA7953 /* NetworkProvider.swift in Sources */ = {isa = PBXBuildFile; fileRef = 97B3098227DF5AAA00AA7953 /* NetworkProvider.swift */; };
		97B3098527DF5B1E00AA7953 /* ErrorLogger.swift in Sources */ = {isa = PBXBuildFile; fileRef = 97B3098427DF5B1E00AA7953 /* ErrorLogger.swift */; };
		97B3098827DF5F7600AA7953 /* RestaurantsEndpoint.swift in Sources */ = {isa = PBXBuildFile; fileRef = 97B3098727DF5F7600AA7953 /* RestaurantsEndpoint.swift */; };
		97B3098A27DF62B500AA7953 /* RestaurantService.swift in Sources */ = {isa = PBXBuildFile; fileRef = 97B3098927DF62B500AA7953 /* RestaurantService.swift */; };
		97C9975E27DFA220003F02E1 /* NearbyRestaurantListItemView.swift in Sources */ = {isa = PBXBuildFile; fileRef = 97C9975D27DFA220003F02E1 /* NearbyRestaurantListItemView.swift */; };
		97C9976027DFA3C1003F02E1 /* MockRestaurants.swift in Sources */ = {isa = PBXBuildFile; fileRef = 97C9975F27DFA3C1003F02E1 /* MockRestaurants.swift */; };
/* End PBXBuildFile section */

/* Begin PBXContainerItemProxy section */
		97B3095C27DF4F3D00AA7953 /* PBXContainerItemProxy */ = {
			isa = PBXContainerItemProxy;
			containerPortal = 97B3094327DF4F3C00AA7953 /* Project object */;
			proxyType = 1;
			remoteGlobalIDString = 97B3094A27DF4F3C00AA7953;
			remoteInfo = "Wolt Loop";
		};
		97B3096627DF4F3D00AA7953 /* PBXContainerItemProxy */ = {
			isa = PBXContainerItemProxy;
			containerPortal = 97B3094327DF4F3C00AA7953 /* Project object */;
			proxyType = 1;
			remoteGlobalIDString = 97B3094A27DF4F3C00AA7953;
			remoteInfo = "Wolt Loop";
		};
/* End PBXContainerItemProxy section */

/* Begin PBXFileReference section */
		9792A48E27DFB52A00C6B9DC /* UserDefaultsWrapper.swift */ = {isa = PBXFileReference; lastKnownFileType = sourcecode.swift; path = UserDefaultsWrapper.swift; sourceTree = "<group>"; };
		9792A49327E09DE500C6B9DC /* NearbyRestaurantsUseCase.swift */ = {isa = PBXFileReference; lastKnownFileType = sourcecode.swift; path = NearbyRestaurantsUseCase.swift; sourceTree = "<group>"; };
		9792A49527E0A18A00C6B9DC /* Location.swift */ = {isa = PBXFileReference; lastKnownFileType = sourcecode.swift; path = Location.swift; sourceTree = "<group>"; };
		9792A49827E0B6DF00C6B9DC /* NearbyRestaurantsResponse.swift */ = {isa = PBXFileReference; lastKnownFileType = sourcecode.swift; path = NearbyRestaurantsResponse.swift; sourceTree = "<group>"; };
		9792A49A27E0B6F200C6B9DC /* Section.swift */ = {isa = PBXFileReference; lastKnownFileType = sourcecode.swift; path = Section.swift; sourceTree = "<group>"; };
		9792A49C27E0B70400C6B9DC /* Restaurant.swift */ = {isa = PBXFileReference; lastKnownFileType = sourcecode.swift; path = Restaurant.swift; sourceTree = "<group>"; };
		9792A49E27E0B71600C6B9DC /* RestaurantImage.swift */ = {isa = PBXFileReference; lastKnownFileType = sourcecode.swift; path = RestaurantImage.swift; sourceTree = "<group>"; };
		9792A4A027E0B72800C6B9DC /* Venue.swift */ = {isa = PBXFileReference; lastKnownFileType = sourcecode.swift; path = Venue.swift; sourceTree = "<group>"; };
		9792A4A327E0B77D00C6B9DC /* RestaurantServiceError.swift */ = {isa = PBXFileReference; lastKnownFileType = sourcecode.swift; path = RestaurantServiceError.swift; sourceTree = "<group>"; };
		9792A4A627E0B89A00C6B9DC /* LocationProvider.swift */ = {isa = PBXFileReference; lastKnownFileType = sourcecode.swift; path = LocationProvider.swift; sourceTree = "<group>"; };
		9792A4A827E0BEE100C6B9DC /* RestaurantViewModel.swift */ = {isa = PBXFileReference; lastKnownFileType = sourcecode.swift; path = RestaurantViewModel.swift; sourceTree = "<group>"; };
		9792A4AA27E0C3E700C6B9DC /* FavouriteRestaurantsUseCase.swift */ = {isa = PBXFileReference; lastKnownFileType = sourcecode.swift; path = FavouriteRestaurantsUseCase.swift; sourceTree = "<group>"; };
		97B3094B27DF4F3C00AA7953 /* WoltLoop.app */ = {isa = PBXFileReference; explicitFileType = wrapper.application; includeInIndex = 0; path = WoltLoop.app; sourceTree = BUILT_PRODUCTS_DIR; };
		97B3094E27DF4F3C00AA7953 /* WoltLoopApp.swift */ = {isa = PBXFileReference; lastKnownFileType = sourcecode.swift; path = WoltLoopApp.swift; sourceTree = "<group>"; };
		97B3095227DF4F3D00AA7953 /* Assets.xcassets */ = {isa = PBXFileReference; lastKnownFileType = folder.assetcatalog; path = Assets.xcassets; sourceTree = "<group>"; };
		97B3095527DF4F3D00AA7953 /* Preview Assets.xcassets */ = {isa = PBXFileReference; lastKnownFileType = folder.assetcatalog; path = "Preview Assets.xcassets"; sourceTree = "<group>"; };
		97B3095B27DF4F3D00AA7953 /* WoltLoopTests.xctest */ = {isa = PBXFileReference; explicitFileType = wrapper.cfbundle; includeInIndex = 0; path = WoltLoopTests.xctest; sourceTree = BUILT_PRODUCTS_DIR; };
		97B3095F27DF4F3D00AA7953 /* WoltLoopTests.swift */ = {isa = PBXFileReference; lastKnownFileType = sourcecode.swift; path = WoltLoopTests.swift; sourceTree = "<group>"; };
		97B3096527DF4F3D00AA7953 /* WoltLoopUITests.xctest */ = {isa = PBXFileReference; explicitFileType = wrapper.cfbundle; includeInIndex = 0; path = WoltLoopUITests.xctest; sourceTree = BUILT_PRODUCTS_DIR; };
		97B3096927DF4F3D00AA7953 /* WoltLoopUITests.swift */ = {isa = PBXFileReference; lastKnownFileType = sourcecode.swift; path = WoltLoopUITests.swift; sourceTree = "<group>"; };
		97B3096B27DF4F3D00AA7953 /* WoltLoopUITestsLaunchTests.swift */ = {isa = PBXFileReference; lastKnownFileType = sourcecode.swift; path = WoltLoopUITestsLaunchTests.swift; sourceTree = "<group>"; };
		97B3097927DF55E800AA7953 /* NearbyListView.swift */ = {isa = PBXFileReference; lastKnownFileType = sourcecode.swift; path = NearbyListView.swift; sourceTree = "<group>"; };
		97B3097B27DF574300AA7953 /* NearbyRestaurantsViewModel.swift */ = {isa = PBXFileReference; lastKnownFileType = sourcecode.swift; path = NearbyRestaurantsViewModel.swift; sourceTree = "<group>"; };
		97B3097E27DF5A7B00AA7953 /* Endpoint.swift */ = {isa = PBXFileReference; lastKnownFileType = sourcecode.swift; path = Endpoint.swift; sourceTree = "<group>"; };
		97B3098027DF5A8F00AA7953 /* NetworkError.swift */ = {isa = PBXFileReference; lastKnownFileType = sourcecode.swift; path = NetworkError.swift; sourceTree = "<group>"; };
		97B3098227DF5AAA00AA7953 /* NetworkProvider.swift */ = {isa = PBXFileReference; lastKnownFileType = sourcecode.swift; path = NetworkProvider.swift; sourceTree = "<group>"; };
		97B3098427DF5B1E00AA7953 /* ErrorLogger.swift */ = {isa = PBXFileReference; lastKnownFileType = sourcecode.swift; path = ErrorLogger.swift; sourceTree = "<group>"; };
		97B3098727DF5F7600AA7953 /* RestaurantsEndpoint.swift */ = {isa = PBXFileReference; lastKnownFileType = sourcecode.swift; path = RestaurantsEndpoint.swift; sourceTree = "<group>"; };
		97B3098927DF62B500AA7953 /* RestaurantService.swift */ = {isa = PBXFileReference; lastKnownFileType = sourcecode.swift; path = RestaurantService.swift; sourceTree = "<group>"; };
		97C9975D27DFA220003F02E1 /* NearbyRestaurantListItemView.swift */ = {isa = PBXFileReference; lastKnownFileType = sourcecode.swift; path = NearbyRestaurantListItemView.swift; sourceTree = "<group>"; };
		97C9975F27DFA3C1003F02E1 /* MockRestaurants.swift */ = {isa = PBXFileReference; lastKnownFileType = sourcecode.swift; path = MockRestaurants.swift; sourceTree = "<group>"; };
/* End PBXFileReference section */

/* Begin PBXFrameworksBuildPhase section */
		97B3094827DF4F3C00AA7953 /* Frameworks */ = {
			isa = PBXFrameworksBuildPhase;
			buildActionMask = 2147483647;
			files = (
			);
			runOnlyForDeploymentPostprocessing = 0;
		};
		97B3095827DF4F3D00AA7953 /* Frameworks */ = {
			isa = PBXFrameworksBuildPhase;
			buildActionMask = 2147483647;
			files = (
			);
			runOnlyForDeploymentPostprocessing = 0;
		};
		97B3096227DF4F3D00AA7953 /* Frameworks */ = {
			isa = PBXFrameworksBuildPhase;
			buildActionMask = 2147483647;
			files = (
			);
			runOnlyForDeploymentPostprocessing = 0;
		};
/* End PBXFrameworksBuildPhase section */

/* Begin PBXGroup section */
		9792A49027E09B7C00C6B9DC /* NearbyRestaurants */ = {
			isa = PBXGroup;
			children = (
				97B3098627DF5F2800AA7953 /* Service */,
				9792A49227E09DD500C6B9DC /* UseCase */,
				9792A49127E09DCA00C6B9DC /* View */,
			);
			path = NearbyRestaurants;
			sourceTree = "<group>";
		};
		9792A49127E09DCA00C6B9DC /* View */ = {
			isa = PBXGroup;
			children = (
				97B3097927DF55E800AA7953 /* NearbyListView.swift */,
				97B3097B27DF574300AA7953 /* NearbyRestaurantsViewModel.swift */,
				97C9975D27DFA220003F02E1 /* NearbyRestaurantListItemView.swift */,
				9792A4A827E0BEE100C6B9DC /* RestaurantViewModel.swift */,
			);
			path = View;
			sourceTree = "<group>";
		};
		9792A49227E09DD500C6B9DC /* UseCase */ = {
			isa = PBXGroup;
			children = (
				9792A49327E09DE500C6B9DC /* NearbyRestaurantsUseCase.swift */,
				9792A4AA27E0C3E700C6B9DC /* FavouriteRestaurantsUseCase.swift */,
			);
			path = UseCase;
			sourceTree = "<group>";
		};
		9792A49727E0B6CA00C6B9DC /* ResponseObjects */ = {
			isa = PBXGroup;
			children = (
				9792A49827E0B6DF00C6B9DC /* NearbyRestaurantsResponse.swift */,
				9792A49A27E0B6F200C6B9DC /* Section.swift */,
				9792A49C27E0B70400C6B9DC /* Restaurant.swift */,
				9792A49E27E0B71600C6B9DC /* RestaurantImage.swift */,
				9792A4A027E0B72800C6B9DC /* Venue.swift */,
			);
			path = ResponseObjects;
			sourceTree = "<group>";
		};
		9792A4A227E0B76800C6B9DC /* Restaurant */ = {
			isa = PBXGroup;
			children = (
				9792A49727E0B6CA00C6B9DC /* ResponseObjects */,
				97B3098727DF5F7600AA7953 /* RestaurantsEndpoint.swift */,
				97B3098927DF62B500AA7953 /* RestaurantService.swift */,
				9792A4A327E0B77D00C6B9DC /* RestaurantServiceError.swift */,
			);
			path = Restaurant;
			sourceTree = "<group>";
		};
		9792A4A527E0B88500C6B9DC /* App */ = {
			isa = PBXGroup;
			children = (
				97B3094E27DF4F3C00AA7953 /* WoltLoopApp.swift */,
			);
			path = App;
			sourceTree = "<group>";
		};
		9792A4AC27E0CA5500C6B9DC /* Location */ = {
			isa = PBXGroup;
			children = (
				9792A4A627E0B89A00C6B9DC /* LocationProvider.swift */,
				9792A49527E0A18A00C6B9DC /* Location.swift */,
			);
			path = Location;
			sourceTree = "<group>";
		};
		9792A4AD27E0CA7200C6B9DC /* Resources */ = {
			isa = PBXGroup;
			children = (
				97B3095227DF4F3D00AA7953 /* Assets.xcassets */,
			);
			path = Resources;
			sourceTree = "<group>";
		};
		9792A4AE27E0CA8100C6B9DC /* Core */ = {
			isa = PBXGroup;
			children = (
				97B3098427DF5B1E00AA7953 /* ErrorLogger.swift */,
				97B3097D27DF5A7200AA7953 /* Network */,
				9792A4AC27E0CA5500C6B9DC /* Location */,
			);
			path = Core;
			sourceTree = "<group>";
		};
		9792A4AF27E0CB0400C6B9DC /* Wrappers */ = {
			isa = PBXGroup;
			children = (
				9792A48E27DFB52A00C6B9DC /* UserDefaultsWrapper.swift */,
			);
			path = Wrappers;
			sourceTree = "<group>";
		};
		97B3094227DF4F3C00AA7953 = {
			isa = PBXGroup;
			children = (
				97B3094D27DF4F3C00AA7953 /* WoltLoop */,
				97B3095E27DF4F3D00AA7953 /* WoltLoopTests */,
				97B3096827DF4F3D00AA7953 /* WoltLoopUITests */,
				97B3094C27DF4F3C00AA7953 /* Products */,
			);
			sourceTree = "<group>";
		};
		97B3094C27DF4F3C00AA7953 /* Products */ = {
			isa = PBXGroup;
			children = (
				97B3094B27DF4F3C00AA7953 /* WoltLoop.app */,
				97B3095B27DF4F3D00AA7953 /* WoltLoopTests.xctest */,
				97B3096527DF4F3D00AA7953 /* WoltLoopUITests.xctest */,
			);
			name = Products;
			sourceTree = "<group>";
		};
		97B3094D27DF4F3C00AA7953 /* WoltLoop */ = {
			isa = PBXGroup;
			children = (
				9792A4AF27E0CB0400C6B9DC /* Wrappers */,
				9792A4A527E0B88500C6B9DC /* App */,
				9792A4AE27E0CA8100C6B9DC /* Core */,
				9792A49027E09B7C00C6B9DC /* NearbyRestaurants */,
				97B3095427DF4F3D00AA7953 /* Preview Content */,
				9792A4AD27E0CA7200C6B9DC /* Resources */,
			);
			path = WoltLoop;
			sourceTree = "<group>";
		};
		97B3095427DF4F3D00AA7953 /* Preview Content */ = {
			isa = PBXGroup;
			children = (
				97B3095527DF4F3D00AA7953 /* Preview Assets.xcassets */,
				97C9975F27DFA3C1003F02E1 /* MockRestaurants.swift */,
			);
			path = "Preview Content";
			sourceTree = "<group>";
		};
		97B3095E27DF4F3D00AA7953 /* WoltLoopTests */ = {
			isa = PBXGroup;
			children = (
				97B3095F27DF4F3D00AA7953 /* WoltLoopTests.swift */,
			);
			path = WoltLoopTests;
			sourceTree = "<group>";
		};
		97B3096827DF4F3D00AA7953 /* WoltLoopUITests */ = {
			isa = PBXGroup;
			children = (
				97B3096927DF4F3D00AA7953 /* WoltLoopUITests.swift */,
				97B3096B27DF4F3D00AA7953 /* WoltLoopUITestsLaunchTests.swift */,
			);
			path = WoltLoopUITests;
			sourceTree = "<group>";
		};
		97B3097D27DF5A7200AA7953 /* Network */ = {
			isa = PBXGroup;
			children = (
				97B3097E27DF5A7B00AA7953 /* Endpoint.swift */,
				97B3098027DF5A8F00AA7953 /* NetworkError.swift */,
				97B3098227DF5AAA00AA7953 /* NetworkProvider.swift */,
			);
			path = Network;
			sourceTree = "<group>";
		};
		97B3098627DF5F2800AA7953 /* Service */ = {
			isa = PBXGroup;
			children = (
				9792A4A227E0B76800C6B9DC /* Restaurant */,
			);
			path = Service;
			sourceTree = "<group>";
		};
/* End PBXGroup section */

/* Begin PBXNativeTarget section */
		97B3094A27DF4F3C00AA7953 /* WoltLoop */ = {
			isa = PBXNativeTarget;
			buildConfigurationList = 97B3096F27DF4F3D00AA7953 /* Build configuration list for PBXNativeTarget "WoltLoop" */;
			buildPhases = (
				97B3094727DF4F3C00AA7953 /* Sources */,
				97B3094827DF4F3C00AA7953 /* Frameworks */,
				97B3094927DF4F3C00AA7953 /* Resources */,
			);
			buildRules = (
			);
			dependencies = (
			);
			name = WoltLoop;
			productName = "Wolt Loop";
			productReference = 97B3094B27DF4F3C00AA7953 /* WoltLoop.app */;
			productType = "com.apple.product-type.application";
		};
		97B3095A27DF4F3D00AA7953 /* WoltLoopTests */ = {
			isa = PBXNativeTarget;
			buildConfigurationList = 97B3097227DF4F3D00AA7953 /* Build configuration list for PBXNativeTarget "WoltLoopTests" */;
			buildPhases = (
				97B3095727DF4F3D00AA7953 /* Sources */,
				97B3095827DF4F3D00AA7953 /* Frameworks */,
				97B3095927DF4F3D00AA7953 /* Resources */,
			);
			buildRules = (
			);
			dependencies = (
				97B3095D27DF4F3D00AA7953 /* PBXTargetDependency */,
			);
			name = WoltLoopTests;
			productName = "Wolt LoopTests";
			productReference = 97B3095B27DF4F3D00AA7953 /* WoltLoopTests.xctest */;
			productType = "com.apple.product-type.bundle.unit-test";
		};
		97B3096427DF4F3D00AA7953 /* WoltLoopUITests */ = {
			isa = PBXNativeTarget;
			buildConfigurationList = 97B3097527DF4F3D00AA7953 /* Build configuration list for PBXNativeTarget "WoltLoopUITests" */;
			buildPhases = (
				97B3096127DF4F3D00AA7953 /* Sources */,
				97B3096227DF4F3D00AA7953 /* Frameworks */,
				97B3096327DF4F3D00AA7953 /* Resources */,
			);
			buildRules = (
			);
			dependencies = (
				97B3096727DF4F3D00AA7953 /* PBXTargetDependency */,
			);
			name = WoltLoopUITests;
			productName = "Wolt LoopUITests";
			productReference = 97B3096527DF4F3D00AA7953 /* WoltLoopUITests.xctest */;
			productType = "com.apple.product-type.bundle.ui-testing";
		};
/* End PBXNativeTarget section */

/* Begin PBXProject section */
		97B3094327DF4F3C00AA7953 /* Project object */ = {
			isa = PBXProject;
			attributes = {
				BuildIndependentTargetsInParallel = 1;
				LastSwiftUpdateCheck = 1310;
				LastUpgradeCheck = 1310;
				TargetAttributes = {
					97B3094A27DF4F3C00AA7953 = {
						CreatedOnToolsVersion = 13.1;
					};
					97B3095A27DF4F3D00AA7953 = {
						CreatedOnToolsVersion = 13.1;
						TestTargetID = 97B3094A27DF4F3C00AA7953;
					};
					97B3096427DF4F3D00AA7953 = {
						CreatedOnToolsVersion = 13.1;
						TestTargetID = 97B3094A27DF4F3C00AA7953;
					};
				};
			};
			buildConfigurationList = 97B3094627DF4F3C00AA7953 /* Build configuration list for PBXProject "WoltLoop" */;
			compatibilityVersion = "Xcode 13.0";
			developmentRegion = en;
			hasScannedForEncodings = 0;
			knownRegions = (
				en,
				Base,
			);
			mainGroup = 97B3094227DF4F3C00AA7953;
			productRefGroup = 97B3094C27DF4F3C00AA7953 /* Products */;
			projectDirPath = "";
			projectRoot = "";
			targets = (
				97B3094A27DF4F3C00AA7953 /* WoltLoop */,
				97B3095A27DF4F3D00AA7953 /* WoltLoopTests */,
				97B3096427DF4F3D00AA7953 /* WoltLoopUITests */,
			);
		};
/* End PBXProject section */

/* Begin PBXResourcesBuildPhase section */
		97B3094927DF4F3C00AA7953 /* Resources */ = {
			isa = PBXResourcesBuildPhase;
			buildActionMask = 2147483647;
			files = (
				97B3095627DF4F3D00AA7953 /* Preview Assets.xcassets in Resources */,
				97B3095327DF4F3D00AA7953 /* Assets.xcassets in Resources */,
			);
			runOnlyForDeploymentPostprocessing = 0;
		};
		97B3095927DF4F3D00AA7953 /* Resources */ = {
			isa = PBXResourcesBuildPhase;
			buildActionMask = 2147483647;
			files = (
			);
			runOnlyForDeploymentPostprocessing = 0;
		};
		97B3096327DF4F3D00AA7953 /* Resources */ = {
			isa = PBXResourcesBuildPhase;
			buildActionMask = 2147483647;
			files = (
			);
			runOnlyForDeploymentPostprocessing = 0;
		};
/* End PBXResourcesBuildPhase section */

/* Begin PBXSourcesBuildPhase section */
		97B3094727DF4F3C00AA7953 /* Sources */ = {
			isa = PBXSourcesBuildPhase;
			buildActionMask = 2147483647;
			files = (
				9792A49B27E0B6F200C6B9DC /* Section.swift in Sources */,
				9792A4A127E0B72800C6B9DC /* Venue.swift in Sources */,
				97B3098827DF5F7600AA7953 /* RestaurantsEndpoint.swift in Sources */,
				97B3098327DF5AAA00AA7953 /* NetworkProvider.swift in Sources */,
				9792A4A427E0B77D00C6B9DC /* RestaurantServiceError.swift in Sources */,
				9792A4AB27E0C3E700C6B9DC /* FavouriteRestaurantsUseCase.swift in Sources */,
				97B3097C27DF574300AA7953 /* NearbyRestaurantsViewModel.swift in Sources */,
				9792A4A727E0B89A00C6B9DC /* LocationProvider.swift in Sources */,
				97B3097A27DF55E800AA7953 /* NearbyListView.swift in Sources */,
				97C9975E27DFA220003F02E1 /* NearbyRestaurantListItemView.swift in Sources */,
				9792A49927E0B6DF00C6B9DC /* NearbyRestaurantsResponse.swift in Sources */,
				9792A49D27E0B70400C6B9DC /* Restaurant.swift in Sources */,
				9792A4A927E0BEE100C6B9DC /* RestaurantViewModel.swift in Sources */,
				97C9976027DFA3C1003F02E1 /* MockRestaurants.swift in Sources */,
				9792A49627E0A18A00C6B9DC /* Location.swift in Sources */,
				9792A49427E09DE500C6B9DC /* NearbyRestaurantsUseCase.swift in Sources */,
				97B3098127DF5A8F00AA7953 /* NetworkError.swift in Sources */,
				97B3094F27DF4F3C00AA7953 /* WoltLoopApp.swift in Sources */,
				9792A49F27E0B71600C6B9DC /* RestaurantImage.swift in Sources */,
				97B3098527DF5B1E00AA7953 /* ErrorLogger.swift in Sources */,
				9792A48F27DFB52A00C6B9DC /* UserDefaultsWrapper.swift in Sources */,
				97B3098A27DF62B500AA7953 /* RestaurantService.swift in Sources */,
				97B3097F27DF5A7B00AA7953 /* Endpoint.swift in Sources */,
			);
			runOnlyForDeploymentPostprocessing = 0;
		};
		97B3095727DF4F3D00AA7953 /* Sources */ = {
			isa = PBXSourcesBuildPhase;
			buildActionMask = 2147483647;
			files = (
				97B3096027DF4F3D00AA7953 /* WoltLoopTests.swift in Sources */,
			);
			runOnlyForDeploymentPostprocessing = 0;
		};
		97B3096127DF4F3D00AA7953 /* Sources */ = {
			isa = PBXSourcesBuildPhase;
			buildActionMask = 2147483647;
			files = (
				97B3096C27DF4F3D00AA7953 /* WoltLoopUITestsLaunchTests.swift in Sources */,
				97B3096A27DF4F3D00AA7953 /* WoltLoopUITests.swift in Sources */,
			);
			runOnlyForDeploymentPostprocessing = 0;
		};
/* End PBXSourcesBuildPhase section */

/* Begin PBXTargetDependency section */
		97B3095D27DF4F3D00AA7953 /* PBXTargetDependency */ = {
			isa = PBXTargetDependency;
			target = 97B3094A27DF4F3C00AA7953 /* WoltLoop */;
			targetProxy = 97B3095C27DF4F3D00AA7953 /* PBXContainerItemProxy */;
		};
		97B3096727DF4F3D00AA7953 /* PBXTargetDependency */ = {
			isa = PBXTargetDependency;
			target = 97B3094A27DF4F3C00AA7953 /* WoltLoop */;
			targetProxy = 97B3096627DF4F3D00AA7953 /* PBXContainerItemProxy */;
		};
/* End PBXTargetDependency section */

/* Begin XCBuildConfiguration section */
		97B3096D27DF4F3D00AA7953 /* Debug */ = {
			isa = XCBuildConfiguration;
			buildSettings = {
				ALWAYS_SEARCH_USER_PATHS = NO;
				CLANG_ANALYZER_NONNULL = YES;
				CLANG_ANALYZER_NUMBER_OBJECT_CONVERSION = YES_AGGRESSIVE;
				CLANG_CXX_LANGUAGE_STANDARD = "gnu++17";
				CLANG_CXX_LIBRARY = "libc++";
				CLANG_ENABLE_MODULES = YES;
				CLANG_ENABLE_OBJC_ARC = YES;
				CLANG_ENABLE_OBJC_WEAK = YES;
				CLANG_WARN_BLOCK_CAPTURE_AUTORELEASING = YES;
				CLANG_WARN_BOOL_CONVERSION = YES;
				CLANG_WARN_COMMA = YES;
				CLANG_WARN_CONSTANT_CONVERSION = YES;
				CLANG_WARN_DEPRECATED_OBJC_IMPLEMENTATIONS = YES;
				CLANG_WARN_DIRECT_OBJC_ISA_USAGE = YES_ERROR;
				CLANG_WARN_DOCUMENTATION_COMMENTS = YES;
				CLANG_WARN_EMPTY_BODY = YES;
				CLANG_WARN_ENUM_CONVERSION = YES;
				CLANG_WARN_INFINITE_RECURSION = YES;
				CLANG_WARN_INT_CONVERSION = YES;
				CLANG_WARN_NON_LITERAL_NULL_CONVERSION = YES;
				CLANG_WARN_OBJC_IMPLICIT_RETAIN_SELF = YES;
				CLANG_WARN_OBJC_LITERAL_CONVERSION = YES;
				CLANG_WARN_OBJC_ROOT_CLASS = YES_ERROR;
				CLANG_WARN_QUOTED_INCLUDE_IN_FRAMEWORK_HEADER = YES;
				CLANG_WARN_RANGE_LOOP_ANALYSIS = YES;
				CLANG_WARN_STRICT_PROTOTYPES = YES;
				CLANG_WARN_SUSPICIOUS_MOVE = YES;
				CLANG_WARN_UNGUARDED_AVAILABILITY = YES_AGGRESSIVE;
				CLANG_WARN_UNREACHABLE_CODE = YES;
				CLANG_WARN__DUPLICATE_METHOD_MATCH = YES;
				COPY_PHASE_STRIP = NO;
				DEBUG_INFORMATION_FORMAT = dwarf;
				ENABLE_STRICT_OBJC_MSGSEND = YES;
				ENABLE_TESTABILITY = YES;
				GCC_C_LANGUAGE_STANDARD = gnu11;
				GCC_DYNAMIC_NO_PIC = NO;
				GCC_NO_COMMON_BLOCKS = YES;
				GCC_OPTIMIZATION_LEVEL = 0;
				GCC_PREPROCESSOR_DEFINITIONS = (
					"DEBUG=1",
					"$(inherited)",
				);
				GCC_WARN_64_TO_32_BIT_CONVERSION = YES;
				GCC_WARN_ABOUT_RETURN_TYPE = YES_ERROR;
				GCC_WARN_UNDECLARED_SELECTOR = YES;
				GCC_WARN_UNINITIALIZED_AUTOS = YES_AGGRESSIVE;
				GCC_WARN_UNUSED_FUNCTION = YES;
				GCC_WARN_UNUSED_VARIABLE = YES;
				IPHONEOS_DEPLOYMENT_TARGET = 15.0;
				MTL_ENABLE_DEBUG_INFO = INCLUDE_SOURCE;
				MTL_FAST_MATH = YES;
				ONLY_ACTIVE_ARCH = YES;
				SDKROOT = iphoneos;
				SWIFT_ACTIVE_COMPILATION_CONDITIONS = DEBUG;
				SWIFT_OPTIMIZATION_LEVEL = "-Onone";
			};
			name = Debug;
		};
		97B3096E27DF4F3D00AA7953 /* Release */ = {
			isa = XCBuildConfiguration;
			buildSettings = {
				ALWAYS_SEARCH_USER_PATHS = NO;
				CLANG_ANALYZER_NONNULL = YES;
				CLANG_ANALYZER_NUMBER_OBJECT_CONVERSION = YES_AGGRESSIVE;
				CLANG_CXX_LANGUAGE_STANDARD = "gnu++17";
				CLANG_CXX_LIBRARY = "libc++";
				CLANG_ENABLE_MODULES = YES;
				CLANG_ENABLE_OBJC_ARC = YES;
				CLANG_ENABLE_OBJC_WEAK = YES;
				CLANG_WARN_BLOCK_CAPTURE_AUTORELEASING = YES;
				CLANG_WARN_BOOL_CONVERSION = YES;
				CLANG_WARN_COMMA = YES;
				CLANG_WARN_CONSTANT_CONVERSION = YES;
				CLANG_WARN_DEPRECATED_OBJC_IMPLEMENTATIONS = YES;
				CLANG_WARN_DIRECT_OBJC_ISA_USAGE = YES_ERROR;
				CLANG_WARN_DOCUMENTATION_COMMENTS = YES;
				CLANG_WARN_EMPTY_BODY = YES;
				CLANG_WARN_ENUM_CONVERSION = YES;
				CLANG_WARN_INFINITE_RECURSION = YES;
				CLANG_WARN_INT_CONVERSION = YES;
				CLANG_WARN_NON_LITERAL_NULL_CONVERSION = YES;
				CLANG_WARN_OBJC_IMPLICIT_RETAIN_SELF = YES;
				CLANG_WARN_OBJC_LITERAL_CONVERSION = YES;
				CLANG_WARN_OBJC_ROOT_CLASS = YES_ERROR;
				CLANG_WARN_QUOTED_INCLUDE_IN_FRAMEWORK_HEADER = YES;
				CLANG_WARN_RANGE_LOOP_ANALYSIS = YES;
				CLANG_WARN_STRICT_PROTOTYPES = YES;
				CLANG_WARN_SUSPICIOUS_MOVE = YES;
				CLANG_WARN_UNGUARDED_AVAILABILITY = YES_AGGRESSIVE;
				CLANG_WARN_UNREACHABLE_CODE = YES;
				CLANG_WARN__DUPLICATE_METHOD_MATCH = YES;
				COPY_PHASE_STRIP = NO;
				DEBUG_INFORMATION_FORMAT = "dwarf-with-dsym";
				ENABLE_NS_ASSERTIONS = NO;
				ENABLE_STRICT_OBJC_MSGSEND = YES;
				GCC_C_LANGUAGE_STANDARD = gnu11;
				GCC_NO_COMMON_BLOCKS = YES;
				GCC_WARN_64_TO_32_BIT_CONVERSION = YES;
				GCC_WARN_ABOUT_RETURN_TYPE = YES_ERROR;
				GCC_WARN_UNDECLARED_SELECTOR = YES;
				GCC_WARN_UNINITIALIZED_AUTOS = YES_AGGRESSIVE;
				GCC_WARN_UNUSED_FUNCTION = YES;
				GCC_WARN_UNUSED_VARIABLE = YES;
				IPHONEOS_DEPLOYMENT_TARGET = 15.0;
				MTL_ENABLE_DEBUG_INFO = NO;
				MTL_FAST_MATH = YES;
				SDKROOT = iphoneos;
				SWIFT_COMPILATION_MODE = wholemodule;
				SWIFT_OPTIMIZATION_LEVEL = "-O";
				VALIDATE_PRODUCT = YES;
			};
			name = Release;
		};
		97B3097027DF4F3D00AA7953 /* Debug */ = {
			isa = XCBuildConfiguration;
			buildSettings = {
				ASSETCATALOG_COMPILER_APPICON_NAME = AppIcon;
				ASSETCATALOG_COMPILER_GLOBAL_ACCENT_COLOR_NAME = AccentColor;
				CODE_SIGN_STYLE = Automatic;
				CURRENT_PROJECT_VERSION = 1;
				DEVELOPMENT_ASSET_PATHS = "\"WoltLoop/Preview Content\"";
				DEVELOPMENT_TEAM = 8EYXQH5NTG;
				ENABLE_PREVIEWS = YES;
				GENERATE_INFOPLIST_FILE = YES;
				INFOPLIST_KEY_UIApplicationSceneManifest_Generation = YES;
				INFOPLIST_KEY_UIApplicationSupportsIndirectInputEvents = YES;
				INFOPLIST_KEY_UILaunchScreen_Generation = YES;
				INFOPLIST_KEY_UISupportedInterfaceOrientations_iPad = "UIInterfaceOrientationPortrait UIInterfaceOrientationPortraitUpsideDown UIInterfaceOrientationLandscapeLeft UIInterfaceOrientationLandscapeRight";
				INFOPLIST_KEY_UISupportedInterfaceOrientations_iPhone = "UIInterfaceOrientationPortrait UIInterfaceOrientationLandscapeLeft UIInterfaceOrientationLandscapeRight";
				LD_RUNPATH_SEARCH_PATHS = (
					"$(inherited)",
					"@executable_path/Frameworks",
				);
				MARKETING_VERSION = 1.0;
				PRODUCT_BUNDLE_IDENTIFIER = com.tomjaroli.WoltLoop;
				PRODUCT_NAME = "$(TARGET_NAME)";
				SWIFT_EMIT_LOC_STRINGS = YES;
				SWIFT_VERSION = 5.0;
				TARGETED_DEVICE_FAMILY = "1,2";
			};
			name = Debug;
		};
		97B3097127DF4F3D00AA7953 /* Release */ = {
			isa = XCBuildConfiguration;
			buildSettings = {
				ASSETCATALOG_COMPILER_APPICON_NAME = AppIcon;
				ASSETCATALOG_COMPILER_GLOBAL_ACCENT_COLOR_NAME = AccentColor;
				CODE_SIGN_STYLE = Automatic;
				CURRENT_PROJECT_VERSION = 1;
				DEVELOPMENT_ASSET_PATHS = "\"WoltLoop/Preview Content\"";
				DEVELOPMENT_TEAM = 8EYXQH5NTG;
				ENABLE_PREVIEWS = YES;
				GENERATE_INFOPLIST_FILE = YES;
				INFOPLIST_KEY_UIApplicationSceneManifest_Generation = YES;
				INFOPLIST_KEY_UIApplicationSupportsIndirectInputEvents = YES;
				INFOPLIST_KEY_UILaunchScreen_Generation = YES;
				INFOPLIST_KEY_UISupportedInterfaceOrientations_iPad = "UIInterfaceOrientationPortrait UIInterfaceOrientationPortraitUpsideDown UIInterfaceOrientationLandscapeLeft UIInterfaceOrientationLandscapeRight";
				INFOPLIST_KEY_UISupportedInterfaceOrientations_iPhone = "UIInterfaceOrientationPortrait UIInterfaceOrientationLandscapeLeft UIInterfaceOrientationLandscapeRight";
				LD_RUNPATH_SEARCH_PATHS = (
					"$(inherited)",
					"@executable_path/Frameworks",
				);
				MARKETING_VERSION = 1.0;
				PRODUCT_BUNDLE_IDENTIFIER = com.tomjaroli.WoltLoop;
				PRODUCT_NAME = "$(TARGET_NAME)";
				SWIFT_EMIT_LOC_STRINGS = YES;
				SWIFT_VERSION = 5.0;
				TARGETED_DEVICE_FAMILY = "1,2";
			};
			name = Release;
		};
		97B3097327DF4F3D00AA7953 /* Debug */ = {
			isa = XCBuildConfiguration;
			buildSettings = {
				ALWAYS_EMBED_SWIFT_STANDARD_LIBRARIES = YES;
				BUNDLE_LOADER = "$(TEST_HOST)";
				CODE_SIGN_STYLE = Automatic;
				CURRENT_PROJECT_VERSION = 1;
				DEVELOPMENT_TEAM = 8EYXQH5NTG;
				GENERATE_INFOPLIST_FILE = YES;
				IPHONEOS_DEPLOYMENT_TARGET = 15.0;
				LD_RUNPATH_SEARCH_PATHS = (
					"$(inherited)",
					"@executable_path/Frameworks",
					"@loader_path/Frameworks",
				);
				MARKETING_VERSION = 1.0;
				PRODUCT_BUNDLE_IDENTIFIER = "com.tomjaroli.Wolt-LoopTests";
				PRODUCT_NAME = "$(TARGET_NAME)";
				SWIFT_EMIT_LOC_STRINGS = NO;
				SWIFT_VERSION = 5.0;
				TARGETED_DEVICE_FAMILY = "1,2";
				TEST_HOST = "$(BUILT_PRODUCTS_DIR)/WoltLoop.app/WoltLoop";
			};
			name = Debug;
		};
		97B3097427DF4F3D00AA7953 /* Release */ = {
			isa = XCBuildConfiguration;
			buildSettings = {
				ALWAYS_EMBED_SWIFT_STANDARD_LIBRARIES = YES;
				BUNDLE_LOADER = "$(TEST_HOST)";
				CODE_SIGN_STYLE = Automatic;
				CURRENT_PROJECT_VERSION = 1;
				DEVELOPMENT_TEAM = 8EYXQH5NTG;
				GENERATE_INFOPLIST_FILE = YES;
				IPHONEOS_DEPLOYMENT_TARGET = 15.0;
				LD_RUNPATH_SEARCH_PATHS = (
					"$(inherited)",
					"@executable_path/Frameworks",
					"@loader_path/Frameworks",
				);
				MARKETING_VERSION = 1.0;
				PRODUCT_BUNDLE_IDENTIFIER = "com.tomjaroli.Wolt-LoopTests";
				PRODUCT_NAME = "$(TARGET_NAME)";
				SWIFT_EMIT_LOC_STRINGS = NO;
				SWIFT_VERSION = 5.0;
				TARGETED_DEVICE_FAMILY = "1,2";
				TEST_HOST = "$(BUILT_PRODUCTS_DIR)/WoltLoop.app/WoltLoop";
			};
			name = Release;
		};
		97B3097627DF4F3D00AA7953 /* Debug */ = {
			isa = XCBuildConfiguration;
			buildSettings = {
				ALWAYS_EMBED_SWIFT_STANDARD_LIBRARIES = YES;
				CODE_SIGN_STYLE = Automatic;
				CURRENT_PROJECT_VERSION = 1;
				DEVELOPMENT_TEAM = 8EYXQH5NTG;
				GENERATE_INFOPLIST_FILE = YES;
				LD_RUNPATH_SEARCH_PATHS = (
					"$(inherited)",
					"@executable_path/Frameworks",
					"@loader_path/Frameworks",
				);
				MARKETING_VERSION = 1.0;
				PRODUCT_BUNDLE_IDENTIFIER = "com.tomjaroli.Wolt-LoopUITests";
				PRODUCT_NAME = "$(TARGET_NAME)";
				SWIFT_EMIT_LOC_STRINGS = NO;
				SWIFT_VERSION = 5.0;
				TARGETED_DEVICE_FAMILY = "1,2";
				TEST_TARGET_NAME = "Wolt Loop";
			};
			name = Debug;
		};
		97B3097727DF4F3D00AA7953 /* Release */ = {
			isa = XCBuildConfiguration;
			buildSettings = {
				ALWAYS_EMBED_SWIFT_STANDARD_LIBRARIES = YES;
				CODE_SIGN_STYLE = Automatic;
				CURRENT_PROJECT_VERSION = 1;
				DEVELOPMENT_TEAM = 8EYXQH5NTG;
				GENERATE_INFOPLIST_FILE = YES;
				LD_RUNPATH_SEARCH_PATHS = (
					"$(inherited)",
					"@executable_path/Frameworks",
					"@loader_path/Frameworks",
				);
				MARKETING_VERSION = 1.0;
				PRODUCT_BUNDLE_IDENTIFIER = "com.tomjaroli.Wolt-LoopUITests";
				PRODUCT_NAME = "$(TARGET_NAME)";
				SWIFT_EMIT_LOC_STRINGS = NO;
				SWIFT_VERSION = 5.0;
				TARGETED_DEVICE_FAMILY = "1,2";
				TEST_TARGET_NAME = "Wolt Loop";
			};
			name = Release;
		};
/* End XCBuildConfiguration section */

/* Begin XCConfigurationList section */
		97B3094627DF4F3C00AA7953 /* Build configuration list for PBXProject "WoltLoop" */ = {
			isa = XCConfigurationList;
			buildConfigurations = (
				97B3096D27DF4F3D00AA7953 /* Debug */,
				97B3096E27DF4F3D00AA7953 /* Release */,
			);
			defaultConfigurationIsVisible = 0;
			defaultConfigurationName = Release;
		};
		97B3096F27DF4F3D00AA7953 /* Build configuration list for PBXNativeTarget "WoltLoop" */ = {
			isa = XCConfigurationList;
			buildConfigurations = (
				97B3097027DF4F3D00AA7953 /* Debug */,
				97B3097127DF4F3D00AA7953 /* Release */,
			);
			defaultConfigurationIsVisible = 0;
			defaultConfigurationName = Release;
		};
		97B3097227DF4F3D00AA7953 /* Build configuration list for PBXNativeTarget "WoltLoopTests" */ = {
			isa = XCConfigurationList;
			buildConfigurations = (
				97B3097327DF4F3D00AA7953 /* Debug */,
				97B3097427DF4F3D00AA7953 /* Release */,
			);
			defaultConfigurationIsVisible = 0;
			defaultConfigurationName = Release;
		};
		97B3097527DF4F3D00AA7953 /* Build configuration list for PBXNativeTarget "WoltLoopUITests" */ = {
			isa = XCConfigurationList;
			buildConfigurations = (
				97B3097627DF4F3D00AA7953 /* Debug */,
				97B3097727DF4F3D00AA7953 /* Release */,
			);
			defaultConfigurationIsVisible = 0;
			defaultConfigurationName = Release;
		};
/* End XCConfigurationList section */
	};
	rootObject = 97B3094327DF4F3C00AA7953 /* Project object */;
}
